
Microsoft Visual Studio Solution File, Format Version 12.00
# Visual Studio Version 16
VisualStudioVersion = 16.0.30717.126
MinimumVisualStudioVersion = 10.0.40219.1
Project("{FAE04EC0-301F-11D3-BF4B-00C04F79EFBC}") = "AsynchronousExperiment", "AsyncExperiment\AsynchronousExperiment.csproj", "{F08511C7-406E-458E-9993-CB0887B3705B}"
EndProject
Project("{FAE04EC0-301F-11D3-BF4B-00C04F79EFBC}") = "SynchronousExperiment", "SynchronousExperiment\SynchronousExperiment.csproj", "{6DB4F138-CA90-4AAB-90D8-3BFEAC780FDE}"
EndProject
Global
	GlobalSection(SolutionConfigurationPlatforms) = preSolution
		Debug|Any CPU = Debug|Any CPU
		Release|Any CPU = Release|Any CPU
	EndGlobalSection
	GlobalSection(ProjectConfigurationPlatforms) = postSolution
		{F08511C7-406E-458E-9993-CB0887B3705B}.Debug|Any CPU.ActiveCfg = Debug|Any CPU
		{F08511C7-406E-458E-9993-CB0887B3705B}.Debug|Any CPU.Build.0 = Debug|Any CPU
		{F08511C7-406E-458E-9993-CB0887B3705B}.Release|Any CPU.ActiveCfg = Release|Any CPU
		{F08511C7-406E-458E-9993-CB0887B3705B}.Release|Any CPU.Build.0 = Release|Any CPU
		{6DB4F138-CA90-4AAB-90D8-3BFEAC780FDE}.Debug|Any CPU.ActiveCfg = Debug|Any CPU
		{6DB4F138-CA90-4AAB-90D8-3BFEAC780FDE}.Debug|Any CPU.Build.0 = Debug|Any CPU
		{6DB4F138-CA90-4AAB-90D8-3BFEAC780FDE}.Release|Any CPU.ActiveCfg = Release|Any CPU
		{6DB4F138-CA90-4AAB-90D8-3BFEAC780FDE}.Release|Any CPU.Build.0 = Release|Any CPU
	EndGlobalSection
	GlobalSection(SolutionProperties) = preSolution
		HideSolutionNode = FALSE
	EndGlobalSection
	GlobalSection(ExtensibilityGlobals) = postSolution
		SolutionGuid = {A096A74D-C77C-4B6D-AF3C-212C9BA44029}
	EndGlobalSection
EndGlobal
